version = 1
revision = 3
requires-python = "==3.12.*"

[[package]]
name = "ansible"
version = "13.2.0"
source = { registry = "https://pypi.org/simple" }
dependencies = [
    { name = "ansible-core" },
]
sdist = { url = "https://files.pythonhosted.org/packages/61/18/f13c9a462ef20893d30bd11c4089edee02b5ef1d31e1c2634da592732279/ansible-13.2.0.tar.gz", hash = "sha256:fac46e202d1020027341659918b39e588dd7c43cef26537d7ca7fe51c324fe31", size = 52000144, upload-time = "2025-12-30T16:42:37.456Z" }
wheels = [
    { url = "https://files.pythonhosted.org/packages/dc/dc/1b0d0c7b83a75e574b3b56d179f887396d135aad5ab15cc45e121bc4d307/ansible-13.2.0-py3-none-any.whl", hash = "sha256:8a7f536542d4b18118200b8eaba40aa62ed990bd0e7b7622368b656b67db056f", size = 54530175, upload-time = "2025-12-30T16:42:32.195Z" },
]

[[package]]
name = "ansible-core"
version = "2.20.1"
source = { registry = "https://pypi.org/simple" }
dependencies = [
    { name = "cryptography" },
    { name = "jinja2" },
    { name = "packaging" },
    { name = "pyyaml" },
    { name = "resolvelib" },
]
sdist = { url = "https://files.pythonhosted.org/packages/3e/47/3543ea4e7ad65859c0043e9a03e1da99c57c22dfb29027e9951dd58e7524/ansible_core-2.20.1.tar.gz", hash = "sha256:a891e5f90cd46626778f0f3d545ec1115840c9b50e8adf25944c5e1748452106", size = 3313203, upload-time = "2025-12-09T16:49:57.189Z" }
wheels = [
    { url = "https://files.pythonhosted.org/packages/56/8c/b9ef852c9322bffd08ef72c8d6737922af810920e8ebd6ae5c9c5ac1f623/ansible_core-2.20.1-py3-none-any.whl", hash = "sha256:2a66825b4a53f130b62515e7e2a3d811d544b19b6e8a22d9ef88c55896384cb3", size = 2412350, upload-time = "2025-12-09T16:49:55.562Z" },
]

[[package]]
name = "ansible-pylibssh"
version = "1.4.0"
source = { registry = "https://pypi.org/simple" }
sdist = { url = "https://files.pythonhosted.org/packages/56/a9/1437294eb6e093c538262688d97979cc92407c033da92997d6e09348a248/ansible_pylibssh-1.4.0.tar.gz", hash = "sha256:a48b5e6db21062bc6258548e6a3e4363043d40128f0e6b796774a59b6a7dbe82", size = 167863, upload-time = "2026-03-16T11:32:02.192Z" }
wheels = [
    { url = "https://files.pythonhosted.org/packages/ae/80/b7a8c06529c5a365fa0a9857a0ecdad69f9172aee8530d13bb776ed5f8b1/ansible_pylibssh-1.4.0-cp312-cp312-macosx_15_0_x86_64.whl", hash = "sha256:860970e556604c22c58475d2f29d84669cc537dc331fcff06305cc6cab7aa5c6", size = 2571800, upload-time = "2026-03-16T11:31:18.609Z" },
    { url = "https://files.pythonhosted.org/packages/a8/d8/b879528ee307e61cdb6759cf4b1cbcc3476f7debbad3b0f9e57c524265ea/ansible_pylibssh-1.4.0-cp312-cp312-manylinux_2_27_aarch64.manylinux_2_28_aarch64.whl", hash = "sha256:a178e4e6f707f992f725b0bbd5f963b680595e6c7eaf6bbcebabc1f0a95ec1a6", size = 2432681, upload-time = "2026-03-16T11:31:20.554Z" },
    { url = "https://files.pythonhosted.org/packages/26/bb/c6155b369657eb96a880c0ca686718942ae87f01181ab6c6173895246f01/ansible_pylibssh-1.4.0-cp312-cp312-manylinux_2_27_ppc64le.manylinux_2_28_ppc64le.whl", hash = "sha256:22b2929af72e5d0a0f1e982fd0eb8a55ffa938abd2b451b80e8affe4658b0f99", size = 2788626, upload-time = "2026-03-16T11:31:22.73Z" },
    { url = "https://files.pythonhosted.org/packages/47/fc/5c3fee218b8351cfcad3f220ad6bd0670a868a742ba331c15fb4c7881b2f/ansible_pylibssh-1.4.0-cp312-cp312-manylinux_2_27_s390x.manylinux_2_28_s390x.whl", hash = "sha256:4581760d42816944448e0e2fe1bd27df475969cd1db41fb8a139c997f4d55b36", size = 2266242, upload-time = "2026-03-16T11:31:24.406Z" },
    { url = "https://files.pythonhosted.org/packages/40/24/a43ac82977743a68979e8eac66b5dee5dad3fa27ebed9ee4731c5ef40945/ansible_pylibssh-1.4.0-cp312-cp312-manylinux_2_27_x86_64.manylinux_2_28_x86_64.whl", hash = "sha256:ab02f55c25229663ad146214c899a03d05e7cc55ecd1331bebc1f0f6a1c18b9d", size = 2653801, upload-time = "2026-03-16T11:31:26.582Z" },
    { url = "https://files.pythonhosted.org/packages/b5/62/9cf124599a053661093b1015c0d6b8ad296659ed8d489dea6d2942f4108a/ansible_pylibssh-1.4.0-cp312-cp312-manylinux_2_28_armv7l.manylinux_2_31_armv7l.whl", hash = "sha256:c2b5d6b0f0dccb90e4503f33b39d5c0ff27cd48bcbc484ffa7fc8308f70506ab", size = 2068083, upload-time = "2026-03-16T11:31:28.637Z" },
]

[[package]]
name = "cffi"
version = "2.0.0"
source = { registry = "https://pypi.org/simple" }
dependencies = [
    { name = "pycparser", marker = "implementation_name != 'PyPy'" },
]
sdist = { url = "https://files.pythonhosted.org/packages/eb/56/b1ba7935a17738ae8453301356628e8147c79dbb825bcbc73dc7401f9846/cffi-2.0.0.tar.gz", hash = "sha256:44d1b5909021139fe36001ae048dbdde8214afa20200eda0f64c068cac5d5529", size = 523588, upload-time = "2025-09-08T23:24:04.541Z" }
wheels = [
    { url = "https://files.pythonhosted.org/packages/ea/47/4f61023ea636104d4f16ab488e268b93008c3d0bb76893b1b31db1f96802/cffi-2.0.0-cp312-cp312-macosx_10_13_x86_64.whl", hash = "sha256:6d02d6655b0e54f54c4ef0b94eb6be0607b70853c45ce98bd278dc7de718be5d", size = 185271, upload-time = "2025-09-08T23:22:44.795Z" },
    { url = "https://files.pythonhosted.org/packages/df/a2/781b623f57358e360d62cdd7a8c681f074a71d445418a776eef0aadb4ab4/cffi-2.0.0-cp312-cp312-macosx_11_0_arm64.whl", hash = "sha256:8eca2a813c1cb7ad4fb74d368c2ffbbb4789d377ee5bb8df98373c2cc0dee76c", size = 181048, upload-time = "2025-09-08T23:22:45.938Z" },
    { url = "https://files.pythonhosted.org/packages/ff/df/a4f0fbd47331ceeba3d37c2e51e9dfc9722498becbeec2bd8bc856c9538a/cffi-2.0.0-cp312-cp312-manylinux1_i686.manylinux2014_i686.manylinux_2_17_i686.manylinux_2_5_i686.whl", hash = "sha256:21d1152871b019407d8ac3985f6775c079416c282e431a4da6afe7aefd2bccbe", size = 212529, upload-time = "2025-09-08T23:22:47.349Z" },
    { url = "https://files.pythonhosted.org/packages/d5/72/12b5f8d3865bf0f87cf1404d8c374e7487dcf097a1c91c436e72e6badd83/cffi-2.0.0-cp312-cp312-manylinux2014_aarch64.manylinux_2_17_aarch64.whl", hash = "sha256:b21e08af67b8a103c71a250401c78d5e0893beff75e28c53c98f4de42f774062", size = 220097, upload-time = "2025-09-08T23:22:48.677Z" },
    { url = "https://files.pythonhosted.org/packages/c2/95/7a135d52a50dfa7c882ab0ac17e8dc11cec9d55d2c18dda414c051c5e69e/cffi-2.0.0-cp312-cp312-manylinux2014_ppc64le.manylinux_2_17_ppc64le.whl", hash = "sha256:1e3a615586f05fc4065a8b22b8152f0c1b00cdbc60596d187c2a74f9e3036e4e", size = 207983, upload-time = "2025-09-08T23:22:50.06Z" },
    { url = "https://files.pythonhosted.org/packages/3a/c8/15cb9ada8895957ea171c62dc78ff3e99159ee7adb13c0123c001a2546c1/cffi-2.0.0-cp312-cp312-manylinux2014_s390x.manylinux_2_17_s390x.whl", hash = "sha256:81afed14892743bbe14dacb9e36d9e0e504cd204e0b165062c488942b9718037", size = 206519, upload-time = "2025-09-08T23:22:51.364Z" },
    { url = "https://files.pythonhosted.org/packages/78/2d/7fa73dfa841b5ac06c7b8855cfc18622132e365f5b81d02230333ff26e9e/cffi-2.0.0-cp312-cp312-manylinux2014_x86_64.manylinux_2_17_x86_64.whl", hash = "sha256:3e17ed538242334bf70832644a32a7aae3d83b57567f9fd60a26257e992b79ba", size = 219572, upload-time = "2025-09-08T23:22:52.902Z" },
    { url = "https://files.pythonhosted.org/packages/07/e0/267e57e387b4ca276b90f0434ff88b2c2241ad72b16d31836adddfd6031b/cffi-2.0.0-cp312-cp312-musllinux_1_2_aarch64.whl", hash = "sha256:3925dd22fa2b7699ed2617149842d2e6adde22b262fcbfada50e3d195e4b3a94", size = 222963, upload-time = "2025-09-08T23:22:54.518Z" },
    { url = "https://files.pythonhosted.org/packages/b6/75/1f2747525e06f53efbd878f4d03bac5b859cbc11c633d0fb81432d98a795/cffi-2.0.0-cp312-cp312-musllinux_1_2_x86_64.whl", hash = "sha256:2c8f814d84194c9ea681642fd164267891702542f028a15fc97d4674b6206187", size = 221361, upload-time = "2025-09-08T23:22:55.867Z" },
    { url = "https://files.pythonhosted.org/packages/7b/2b/2b6435f76bfeb6bbf055596976da087377ede68df465419d192acf00c437/cffi-2.0.0-cp312-cp312-win32.whl", hash = "sha256:da902562c3e9c550df360bfa53c035b2f241fed6d9aef119048073680ace4a18", size = 172932, upload-time = "2025-09-08T23:22:57.188Z" },
    { url = "https://files.pythonhosted.org/packages/f8/ed/13bd4418627013bec4ed6e54283b1959cf6db888048c7cf4b4c3b5b36002/cffi-2.0.0-cp312-cp312-win_amd64.whl", hash = "sha256:da68248800ad6320861f129cd9c1bf96ca849a2771a59e0344e88681905916f5", size = 183557, upload-time = "2025-09-08T23:22:58.351Z" },
    { url = "https://files.pythonhosted.org/packages/95/31/9f7f93ad2f8eff1dbc1c3656d7ca5bfd8fb52c9d786b4dcf19b2d02217fa/cffi-2.0.0-cp312-cp312-win_arm64.whl", hash = "sha256:4671d9dd5ec934cb9a73e7ee9676f9362aba54f7f34910956b84d727b0d73fb6", size = 177762, upload-time = "2025-09-08T23:22:59.668Z" },
]

[[package]]
name = "cryptography"
version = "46.0.6"
source = { registry = "https://pypi.org/simple" }
dependencies = [
    { name = "cffi", marker = "platform_python_implementation != 'PyPy'" },
]
sdist = { url = "https://files.pythonhosted.org/packages/a4/ba/04b1bd4218cbc58dc90ce967106d51582371b898690f3ae0402876cc4f34/cryptography-46.0.6.tar.gz", hash = "sha256:27550628a518c5c6c903d84f637fbecf287f6cb9ced3804838a1295dc1fd0759", size = 750542, upload-time = "2026-03-25T23:34:53.396Z" }
wheels = [
    { url = "https://files.pythonhosted.org/packages/47/23/9285e15e3bc57325b0a72e592921983a701efc1ee8f91c06c5f0235d86d9/cryptography-46.0.6-cp311-abi3-macosx_10_9_universal2.whl", hash = "sha256:64235194bad039a10bb6d2d930ab3323baaec67e2ce36215fd0952fad0930ca8", size = 7176401, upload-time = "2026-03-25T23:33:22.096Z" },
    { url = "https://files.pythonhosted.org/packages/60/f8/e61f8f13950ab6195b31913b42d39f0f9afc7d93f76710f299b5ec286ae6/cryptography-46.0.6-cp311-abi3-manylinux2014_aarch64.manylinux_2_17_aarch64.whl", hash = "sha256:26031f1e5ca62fcb9d1fcb34b2b60b390d1aacaa15dc8b895a9ed00968b97b30", size = 4275275, upload-time = "2026-03-25T23:33:23.844Z" },
    { url = "https://files.pythonhosted.org/packages/19/69/732a736d12c2631e140be2348b4ad3d226302df63ef64d30dfdb8db7ad1c/cryptography-46.0.6-cp311-abi3-manylinux2014_x86_64.manylinux_2_17_x86_64.whl", hash = "sha256:9a693028b9cbe51b5a1136232ee8f2bc242e4e19d456ded3fa7c86e43c713b4a", size = 4425320, upload-time = "2026-03-25T23:33:25.703Z" },
    { url = "https://files.pythonhosted.org/packages/d4/12/123be7292674abf76b21ac1fc0e1af50661f0e5b8f0ec8285faac18eb99e/cryptography-46.0.6-cp311-abi3-manylinux_2_28_aarch64.whl", hash = "sha256:67177e8a9f421aa2d3a170c3e56eca4e0128883cf52a071a7cbf53297f18b175", size = 4278082, upload-time = "2026-03-25T23:33:27.423Z" },
    { url = "https://files.pythonhosted.org/packages/5b/ba/d5e27f8d68c24951b0a484924a84c7cdaed7502bac9f18601cd357f8b1d2/cryptography-46.0.6-cp311-abi3-manylinux_2_28_ppc64le.whl", hash = "sha256:d9528b535a6c4f8ff37847144b8986a9a143585f0540fbcb1a98115b543aa463", size = 4926514, upload-time = "2026-03-25T23:33:29.206Z" },
    { url = "https://files.pythonhosted.org/packages/34/71/1ea5a7352ae516d5512d17babe7e1b87d9db5150b21f794b1377eac1edc0/cryptography-46.0.6-cp311-abi3-manylinux_2_28_x86_64.whl", hash = "sha256:22259338084d6ae497a19bae5d4c66b7ca1387d3264d1c2c0e72d9e9b6a77b97", size = 4457766, upload-time = "2026-03-25T23:33:30.834Z" },
    { url = "https://files.pythonhosted.org/packages/01/59/562be1e653accee4fdad92c7a2e88fced26b3fdfce144047519bbebc299e/cryptography-46.0.6-cp311-abi3-manylinux_2_31_armv7l.whl", hash = "sha256:760997a4b950ff00d418398ad73fbc91aa2894b5c1db7ccb45b4f68b42a63b3c", size = 3986535, upload-time = "2026-03-25T23:33:33.02Z" },
    { url = "https://files.pythonhosted.org/packages/d6/8b/b1ebfeb788bf4624d36e45ed2662b8bd43a05ff62157093c1539c1288a18/cryptography-46.0.6-cp311-abi3-manylinux_2_34_aarch64.whl", hash = "sha256:3dfa6567f2e9e4c5dceb8ccb5a708158a2a871052fa75c8b78cb0977063f1507", size = 4277618, upload-time = "2026-03-25T23:33:34.567Z" },
    { url = "https://files.pythonhosted.org/packages/dd/52/a005f8eabdb28df57c20f84c44d397a755782d6ff6d455f05baa2785bd91/cryptography-46.0.6-cp311-abi3-manylinux_2_34_ppc64le.whl", hash = "sha256:cdcd3edcbc5d55757e5f5f3d330dd00007ae463a7e7aa5bf132d1f22a4b62b19", size = 4890802, upload-time = "2026-03-25T23:33:37.034Z" },
    { url = "https://files.pythonhosted.org/packages/ec/4d/8e7d7245c79c617d08724e2efa397737715ca0ec830ecb3c91e547302555/cryptography-46.0.6-cp311-abi3-manylinux_2_34_x86_64.whl", hash = "sha256:d4e4aadb7fc1f88687f47ca20bb7227981b03afaae69287029da08096853b738", size = 4457425, upload-time = "2026-03-25T23:33:38.904Z" },
    { url = "https://files.pythonhosted.org/packages/1d/5c/f6c3596a1430cec6f949085f0e1a970638d76f81c3ea56d93d564d04c340/cryptography-46.0.6-cp311-abi3-musllinux_1_2_aarch64.whl", hash = "sha256:2b417edbe8877cda9022dde3a008e2deb50be9c407eef034aeeb3a8b11d9db3c", size = 4405530, upload-time = "2026-03-25T23:33:40.842Z" },
    { url = "https://files.pythonhosted.org/packages/7e/c9/9f9cea13ee2dbde070424e0c4f621c091a91ffcc504ffea5e74f0e1daeff/cryptography-46.0.6-cp311-abi3-musllinux_1_2_x86_64.whl", hash = "sha256:380343e0653b1c9d7e1f55b52aaa2dbb2fdf2730088d48c43ca1c7c0abb7cc2f", size = 4667896, upload-time = "2026-03-25T23:33:42.781Z" },
    { url = "https://files.pythonhosted.org/packages/ad/b5/1895bc0821226f129bc74d00eccfc6a5969e2028f8617c09790bf89c185e/cryptography-46.0.6-cp311-abi3-win32.whl", hash = "sha256:bcb87663e1f7b075e48c3be3ecb5f0b46c8fc50b50a97cf264e7f60242dca3f2", size = 3026348, upload-time = "2026-03-25T23:33:45.021Z" },
    { url = "https://files.pythonhosted.org/packages/c3/f8/c9bcbf0d3e6ad288b9d9aa0b1dee04b063d19e8c4f871855a03ab3a297ab/cryptography-46.0.6-cp311-abi3-win_amd64.whl", hash = "sha256:6739d56300662c468fddb0e5e291f9b4d084bead381667b9e654c7dd81705124", size = 3483896, upload-time = "2026-03-25T23:33:46.649Z" },
    { url = "https://files.pythonhosted.org/packages/c4/cc/f330e982852403da79008552de9906804568ae9230da8432f7496ce02b71/cryptography-46.0.6-cp38-abi3-macosx_10_9_universal2.whl", hash = "sha256:12cae594e9473bca1a7aceb90536060643128bb274fcea0fc459ab90f7d1ae7a", size = 7162776, upload-time = "2026-03-25T23:34:13.308Z" },
    { url = "https://files.pythonhosted.org/packages/49/b3/dc27efd8dcc4bff583b3f01d4a3943cd8b5821777a58b3a6a5f054d61b79/cryptography-46.0.6-cp38-abi3-manylinux2014_aarch64.manylinux_2_17_aarch64.whl", hash = "sha256:639301950939d844a9e1c4464d7e07f902fe9a7f6b215bb0d4f28584729935d8", size = 4270529, upload-time = "2026-03-25T23:34:15.019Z" },
    { url = "https://files.pythonhosted.org/packages/e6/05/e8d0e6eb4f0d83365b3cb0e00eb3c484f7348db0266652ccd84632a3d58d/cryptography-46.0.6-cp38-abi3-manylinux2014_x86_64.manylinux_2_17_x86_64.whl", hash = "sha256:ed3775295fb91f70b4027aeba878d79b3e55c0b3e97eaa4de71f8f23a9f2eb77", size = 4414827, upload-time = "2026-03-25T23:34:16.604Z" },
    { url = "https://files.pythonhosted.org/packages/2f/97/daba0f5d2dc6d855e2dcb70733c812558a7977a55dd4a6722756628c44d1/cryptography-46.0.6-cp38-abi3-manylinux_2_28_aarch64.whl", hash = "sha256:8927ccfbe967c7df312ade694f987e7e9e22b2425976ddbf28271d7e58845290", size = 4271265, upload-time = "2026-03-25T23:34:18.586Z" },
    { url = "https://files.pythonhosted.org/packages/89/06/fe1fce39a37ac452e58d04b43b0855261dac320a2ebf8f5260dd55b201a9/cryptography-46.0.6-cp38-abi3-manylinux_2_28_ppc64le.whl", hash = "sha256:b12c6b1e1651e42ab5de8b1e00dc3b6354fdfd778e7fa60541ddacc27cd21410", size = 4916800, upload-time = "2026-03-25T23:34:20.561Z" },
    { url = "https://files.pythonhosted.org/packages/ff/8a/b14f3101fe9c3592603339eb5d94046c3ce5f7fc76d6512a2d40efd9724e/cryptography-46.0.6-cp38-abi3-manylinux_2_28_x86_64.whl", hash = "sha256:063b67749f338ca9c5a0b7fe438a52c25f9526b851e24e6c9310e7195aad3b4d", size = 4448771, upload-time = "2026-03-25T23:34:22.406Z" },
    { url = "https://files.pythonhosted.org/packages/01/b3/0796998056a66d1973fd52ee89dc1bb3b6581960a91ad4ac705f182d398f/cryptography-46.0.6-cp38-abi3-manylinux_2_31_armv7l.whl", hash = "sha256:02fad249cb0e090b574e30b276a3da6a149e04ee2f049725b1f69e7b8351ec70", size = 3978333, upload-time = "2026-03-25T23:34:24.281Z" },
    { url = "https://files.pythonhosted.org/packages/c5/3d/db200af5a4ffd08918cd55c08399dc6c9c50b0bc72c00a3246e099d3a849/cryptography-46.0.6-cp38-abi3-manylinux_2_34_aarch64.whl", hash = "sha256:7e6142674f2a9291463e5e150090b95a8519b2fb6e6aaec8917dd8d094ce750d", size = 4271069, upload-time = "2026-03-25T23:34:25.895Z" },
    { url = "https://files.pythonhosted.org/packages/d7/18/61acfd5b414309d74ee838be321c636fe71815436f53c9f0334bf19064fa/cryptography-46.0.6-cp38-abi3-manylinux_2_34_ppc64le.whl", hash = "sha256:456b3215172aeefb9284550b162801d62f5f264a081049a3e94307fe20792cfa", size = 4878358, upload-time = "2026-03-25T23:34:27.67Z" },
    { url = "https://files.pythonhosted.org/packages/8b/65/5bf43286d566f8171917cae23ac6add941654ccf085d739195a4eacf1674/cryptography-46.0.6-cp38-abi3-manylinux_2_34_x86_64.whl", hash = "sha256:341359d6c9e68834e204ceaf25936dffeafea3829ab80e9503860dcc4f4dac58", size = 4448061, upload-time = "2026-03-25T23:34:29.375Z" },
    { url = "https://files.pythonhosted.org/packages/e0/25/7e49c0fa7205cf3597e525d156a6bce5b5c9de1fd7e8cb01120e459f205a/cryptography-46.0.6-cp38-abi3-musllinux_1_2_aarch64.whl", hash = "sha256:9a9c42a2723999a710445bc0d974e345c32adfd8d2fac6d8a251fa829ad31cfb", size = 4399103, upload-time = "2026-03-25T23:34:32.036Z" },
    { url = "https://files.pythonhosted.org/packages/44/46/466269e833f1c4718d6cd496ffe20c56c9c8d013486ff66b4f69c302a68d/cryptography-46.0.6-cp38-abi3-musllinux_1_2_x86_64.whl", hash = "sha256:6617f67b1606dfd9fe4dbfa354a9508d4a6d37afe30306fe6c101b7ce3274b72", size = 4659255, upload-time = "2026-03-25T23:34:33.679Z" },
    { url = "https://files.pythonhosted.org/packages/0a/09/ddc5f630cc32287d2c953fc5d32705e63ec73e37308e5120955316f53827/cryptography-46.0.6-cp38-abi3-win32.whl", hash = "sha256:7f6690b6c55e9c5332c0b59b9c8a3fb232ebf059094c17f9019a51e9827df91c", size = 3010660, upload-time = "2026-03-25T23:34:35.418Z" },
    { url = "https://files.pythonhosted.org/packages/1b/82/ca4893968aeb2709aacfb57a30dec6fa2ab25b10fa9f064b8882ce33f599/cryptography-46.0.6-cp38-abi3-win_amd64.whl", hash = "sha256:79e865c642cfc5c0b3eb12af83c35c5aeff4fa5c672dc28c43721c2c9fdd2f0f", size = 3471160, upload-time = "2026-03-25T23:34:37.191Z" },
]

[[package]]
name = "jinja2"
version = "3.1.6"
source = { registry = "https://pypi.org/simple" }
dependencies = [
    { name = "markupsafe" },
]
sdist = { url = "https://files.pythonhosted.org/packages/df/bf/f7da0350254c0ed7c72f3e33cef02e048281fec7ecec5f032d4aac52226b/jinja2-3.1.6.tar.gz", hash = "sha256:0137fb05990d35f1275a587e9aee6d56da821fc83491a0fb838183be43f66d6d", size = 245115, upload-time = "2025-03-05T20:05:02.478Z" }
wheels = [
    { url = "https://files.pythonhosted.org/packages/62/a1/3d680cbfd5f4b8f15abc1d571870c5fc3e594bb582bc3b64ea099db13e56/jinja2-3.1.6-py3-none-any.whl", hash = "sha256:85ece4451f492d0c13c5dd7c13a64681a86afae63a5f347908daf103ce6d2f67", size = 134899, upload-time = "2025-03-05T20:05:00.369Z" },
]

[[package]]
name = "markupsafe"
version = "3.0.3"
source = { registry = "https://pypi.org/simple" }
sdist = { url = "https://files.pythonhosted.org/packages/7e/99/7690b6d4034fffd95959cbe0c02de8deb3098cc577c67bb6a24fe5d7caa7/markupsafe-3.0.3.tar.gz", hash = "sha256:722695808f4b6457b320fdc131280796bdceb04ab50fe1795cd540799ebe1698", size = 80313, upload-time = "2025-09-27T18:37:40.426Z" }
wheels = [
    { url = "https://files.pythonhosted.org/packages/5a/72/147da192e38635ada20e0a2e1a51cf8823d2119ce8883f7053879c2199b5/markupsafe-3.0.3-cp312-cp312-macosx_10_13_x86_64.whl", hash = "sha256:d53197da72cc091b024dd97249dfc7794d6a56530370992a5e1a08983ad9230e", size = 11615, upload-time = "2025-09-27T18:36:30.854Z" },
    { url = "https://files.pythonhosted.org/packages/9a/81/7e4e08678a1f98521201c3079f77db69fb552acd56067661f8c2f534a718/markupsafe-3.0.3-cp312-cp312-macosx_11_0_arm64.whl", hash = "sha256:1872df69a4de6aead3491198eaf13810b565bdbeec3ae2dc8780f14458ec73ce", size = 12020, upload-time = "2025-09-27T18:36:31.971Z" },
    { url = "https://files.pythonhosted.org/packages/1e/2c/799f4742efc39633a1b54a92eec4082e4f815314869865d876824c257c1e/markupsafe-3.0.3-cp312-cp312-manylinux2014_aarch64.manylinux_2_17_aarch64.manylinux_2_28_aarch64.whl", hash = "sha256:3a7e8ae81ae39e62a41ec302f972ba6ae23a5c5396c8e60113e9066ef893da0d", size = 24332, upload-time = "2025-09-27T18:36:32.813Z" },
    { url = "https://files.pythonhosted.org/packages/3c/2e/8d0c2ab90a8c1d9a24f0399058ab8519a3279d1bd4289511d74e909f060e/markupsafe-3.0.3-cp312-cp312-manylinux2014_x86_64.manylinux_2_17_x86_64.manylinux_2_28_x86_64.whl", hash = "sha256:d6dd0be5b5b189d31db7cda48b91d7e0a9795f31430b7f271219ab30f1d3ac9d", size = 22947, upload-time = "2025-09-27T18:36:33.86Z" },
    { url = "https://files.pythonhosted.org/packages/2c/54/887f3092a85238093a0b2154bd629c89444f395618842e8b0c41783898ea/markupsafe-3.0.3-cp312-cp312-manylinux_2_31_riscv64.manylinux_2_39_riscv64.whl", hash = "sha256:94c6f0bb423f739146aec64595853541634bde58b2135f27f61c1ffd1cd4d16a", size = 21962, upload-time = "2025-09-27T18:36:35.099Z" },
    { url = "https://files.pythonhosted.org/packages/c9/2f/336b8c7b6f4a4d95e91119dc8521402461b74a485558d8f238a68312f11c/markupsafe-3.0.3-cp312-cp312-musllinux_1_2_aarch64.whl", hash = "sha256:be8813b57049a7dc738189df53d69395eba14fb99345e0a5994914a3864c8a4b", size = 23760, upload-time = "2025-09-27T18:36:36.001Z" },
    { url = "https://files.pythonhosted.org/packages/32/43/67935f2b7e4982ffb50a4d169b724d74b62a3964bc1a9a527f5ac4f1ee2b/markupsafe-3.0.3-cp312-cp312-musllinux_1_2_riscv64.whl", hash = "sha256:83891d0e9fb81a825d9a6d61e3f07550ca70a076484292a70fde82c4b807286f", size = 21529, upload-time = "2025-09-27T18:36:36.906Z" },
    { url = "https://files.pythonhosted.org/packages/89/e0/4486f11e51bbba8b0c041098859e869e304d1c261e59244baa3d295d47b7/markupsafe-3.0.3-cp312-cp312-musllinux_1_2_x86_64.whl", hash = "sha256:77f0643abe7495da77fb436f50f8dab76dbc6e5fd25d39589a0f1fe6548bfa2b", size = 23015, upload-time = "2025-09-27T18:36:37.868Z" },
    { url = "https://files.pythonhosted.org/packages/2f/e1/78ee7a023dac597a5825441ebd17170785a9dab23de95d2c7508ade94e0e/markupsafe-3.0.3-cp312-cp312-win32.whl", hash = "sha256:d88b440e37a16e651bda4c7c2b930eb586fd15ca7406cb39e211fcff3bf3017d", size = 14540, upload-time = "2025-09-27T18:36:38.761Z" },
    { url = "https://files.pythonhosted.org/packages/aa/5b/bec5aa9bbbb2c946ca2733ef9c4ca91c91b6a24580193e891b5f7dbe8e1e/markupsafe-3.0.3-cp312-cp312-win_amd64.whl", hash = "sha256:26a5784ded40c9e318cfc2bdb30fe164bdb8665ded9cd64d500a34fb42067b1c", size = 15105, upload-time = "2025-09-27T18:36:39.701Z" },
    { url = "https://files.pythonhosted.org/packages/e5/f1/216fc1bbfd74011693a4fd837e7026152e89c4bcf3e77b6692fba9923123/markupsafe-3.0.3-cp312-cp312-win_arm64.whl", hash = "sha256:35add3b638a5d900e807944a078b51922212fb3dedb01633a8defc4b01a3c85f", size = 13906, upload-time = "2025-09-27T18:36:40.689Z" },
]

[[package]]
name = "packaging"
version = "25.0"
source = { registry = "https://pypi.org/simple" }
sdist = { url = "https://files.pythonhosted.org/packages/a1/d4/1fc4078c65507b51b96ca8f8c3ba19e6a61c8253c72794544580a7b6c24d/packaging-25.0.tar.gz", hash = "sha256:d443872c98d677bf60f6a1f2f8c1cb748e8fe762d2bf9d3148b5599295b0fc4f", size = 165727, upload-time = "2025-04-19T11:48:59.673Z" }
wheels = [
    { url = "https://files.pythonhosted.org/packages/20/12/38679034af332785aac8774540895e234f4d07f7545804097de4b666afd8/packaging-25.0-py3-none-any.whl", hash = "sha256:29572ef2b1f17581046b3a2227d5c611fb25ec70ca1ba8554b24b0e69331a484", size = 66469, upload-time = "2025-04-19T11:48:57.875Z" },
]

[[package]]
name = "prd"
version = "0.1.0"
source = { virtual = "." }
dependencies = [
    { name = "ansible" },
    { name = "ansible-pylibssh" },
]

[package.metadata]
requires-dist = [
    { name = "ansible", specifier = ">=13.2.0" },
    { name = "ansible-pylibssh", specifier = ">=1.4.0" },
]

[[package]]
name = "pycparser"
version = "2.23"
source = { registry = "https://pypi.org/simple" }
sdist = { url = "https://files.pythonhosted.org/packages/fe/cf/d2d3b9f5699fb1e4615c8e32ff220203e43b248e1dfcc6736ad9057731ca/pycparser-2.23.tar.gz", hash = "sha256:78816d4f24add8f10a06d6f05b4d424ad9e96cfebf68a4ddc99c65c0720d00c2", size = 173734, upload-time = "2025-09-09T13:23:47.91Z" }
wheels = [
    { url = "https://files.pythonhosted.org/packages/a0/e3/59cd50310fc9b59512193629e1984c1f95e5c8ae6e5d8c69532ccc65a7fe/pycparser-2.23-py3-none-any.whl", hash = "sha256:e5c6e8d3fbad53479cab09ac03729e0a9faf2bee3db8208a550daf5af81a5934", size = 118140, upload-time = "2025-09-09T13:23:46.651Z" },
]

[[package]]
name = "pyyaml"
version = "6.0.3"
source = { registry = "https://pypi.org/simple" }
sdist = { url = "https://files.pythonhosted.org/packages/05/8e/961c0007c59b8dd7729d542c61a4d537767a59645b82a0b521206e1e25c2/pyyaml-6.0.3.tar.gz", hash = "sha256:d76623373421df22fb4cf8817020cbb7ef15c725b9d5e45f17e189bfc384190f", size = 130960, upload-time = "2025-09-25T21:33:16.546Z" }
wheels = [
    { url = "https://files.pythonhosted.org/packages/d1/33/422b98d2195232ca1826284a76852ad5a86fe23e31b009c9886b2d0fb8b2/pyyaml-6.0.3-cp312-cp312-macosx_10_13_x86_64.whl", hash = "sha256:7f047e29dcae44602496db43be01ad42fc6f1cc0d8cd6c83d342306c32270196", size = 182063, upload-time = "2025-09-25T21:32:11.445Z" },
    { url = "https://files.pythonhosted.org/packages/89/a0/6cf41a19a1f2f3feab0e9c0b74134aa2ce6849093d5517a0c550fe37a648/pyyaml-6.0.3-cp312-cp312-macosx_11_0_arm64.whl", hash = "sha256:fc09d0aa354569bc501d4e787133afc08552722d3ab34836a80547331bb5d4a0", size = 173973, upload-time = "2025-09-25T21:32:12.492Z" },
    { url = "https://files.pythonhosted.org/packages/ed/23/7a778b6bd0b9a8039df8b1b1d80e2e2ad78aa04171592c8a5c43a56a6af4/pyyaml-6.0.3-cp312-cp312-manylinux2014_aarch64.manylinux_2_17_aarch64.manylinux_2_28_aarch64.whl", hash = "sha256:9149cad251584d5fb4981be1ecde53a1ca46c891a79788c0df828d2f166bda28", size = 775116, upload-time = "2025-09-25T21:32:13.652Z" },
    { url = "https://files.pythonhosted.org/packages/65/30/d7353c338e12baef4ecc1b09e877c1970bd3382789c159b4f89d6a70dc09/pyyaml-6.0.3-cp312-cp312-manylinux2014_s390x.manylinux_2_17_s390x.manylinux_2_28_s390x.whl", hash = "sha256:5fdec68f91a0c6739b380c83b951e2c72ac0197ace422360e6d5a959d8d97b2c", size = 844011, upload-time = "2025-09-25T21:32:15.21Z" },
    { url = "https://files.pythonhosted.org/packages/8b/9d/b3589d3877982d4f2329302ef98a8026e7f4443c765c46cfecc8858c6b4b/pyyaml-6.0.3-cp312-cp312-manylinux2014_x86_64.manylinux_2_17_x86_64.manylinux_2_28_x86_64.whl", hash = "sha256:ba1cc08a7ccde2d2ec775841541641e4548226580ab850948cbfda66a1befcdc", size = 807870, upload-time = "2025-09-25T21:32:16.431Z" },
    { url = "https://files.pythonhosted.org/packages/05/c0/b3be26a015601b822b97d9149ff8cb5ead58c66f981e04fedf4e762f4bd4/pyyaml-6.0.3-cp312-cp312-musllinux_1_2_aarch64.whl", hash = "sha256:8dc52c23056b9ddd46818a57b78404882310fb473d63f17b07d5c40421e47f8e", size = 761089, upload-time = "2025-09-25T21:32:17.56Z" },
    { url = "https://files.pythonhosted.org/packages/be/8e/98435a21d1d4b46590d5459a22d88128103f8da4c2d4cb8f14f2a96504e1/pyyaml-6.0.3-cp312-cp312-musllinux_1_2_x86_64.whl", hash = "sha256:41715c910c881bc081f1e8872880d3c650acf13dfa8214bad49ed4cede7c34ea", size = 790181, upload-time = "2025-09-25T21:32:18.834Z" },
    { url = "https://files.pythonhosted.org/packages/74/93/7baea19427dcfbe1e5a372d81473250b379f04b1bd3c4c5ff825e2327202/pyyaml-6.0.3-cp312-cp312-win32.whl", hash = "sha256:96b533f0e99f6579b3d4d4995707cf36df9100d67e0c8303a0c55b27b5f99bc5", size = 137658, upload-time = "2025-09-25T21:32:20.209Z" },
    { url = "https://files.pythonhosted.org/packages/86/bf/899e81e4cce32febab4fb42bb97dcdf66bc135272882d1987881a4b519e9/pyyaml-6.0.3-cp312-cp312-win_amd64.whl", hash = "sha256:5fcd34e47f6e0b794d17de1b4ff496c00986e1c83f7ab2fb8fcfe9616ff7477b", size = 154003, upload-time = "2025-09-25T21:32:21.167Z" },
    { url = "https://files.pythonhosted.org/packages/1a/08/67bd04656199bbb51dbed1439b7f27601dfb576fb864099c7ef0c3e55531/pyyaml-6.0.3-cp312-cp312-win_arm64.whl", hash = "sha256:64386e5e707d03a7e172c0701abfb7e10f0fb753ee1d773128192742712a98fd", size = 140344, upload-time = "2025-09-25T21:32:22.617Z" },
]

[[package]]
name = "resolvelib"
version = "1.2.1"
source = { registry = "https://pypi.org/simple" }
sdist = { url = "https://files.pythonhosted.org/packages/1d/14/4669927e06631070edb968c78fdb6ce8992e27c9ab2cde4b3993e22ac7af/resolvelib-1.2.1.tar.gz", hash = "sha256:7d08a2022f6e16ce405d60b68c390f054efcfd0477d4b9bd019cc941c28fad1c", size = 24575, upload-time = "2025-10-11T01:07:44.582Z" }
wheels = [
    { url = "https://files.pythonhosted.org/packages/e2/23/c941a0d0353681ca138489983c4309e0f5095dfd902e1357004f2357ddf2/resolvelib-1.2.1-py3-none-any.whl", hash = "sha256:fb06b66c8da04172d9e72a21d7d06186d8919e32ae5ab5cdf5b9d920be805ac2", size = 18737, upload-time = "2025-10-11T01:07:43.081Z" },
]
